
Microsoft Visual Studio Solution File, Format Version 12.00
# Visual Studio Version 16
VisualStudioVersion = 16.0.32802.440
MinimumVisualStudioVersion = 10.0.40219.1
Project("{9A19103F-16F7-4668-BE54-9A1E7A4F7556}") = "Testeer", "Testeer\Testeer.csproj", "{88D1EF05-F761-40BE-ACEF-2109D416715B}"
EndProject
Project("{9A19103F-16F7-4668-BE54-9A1E7A4F7556}") = "Entidades", "Entidades02\Entidades.csproj", "{09C3FAED-EF7B-493C-B9DF-25448C71739A}"
EndProject
Project("{9A19103F-16F7-4668-BE54-9A1E7A4F7556}") = "Cruzeiro", "Cruzeiro\Cruzeiro.csproj", "{37D99AE3-2EDE-4631-B64F-8B4BE3A425EE}"
EndProject
Project("{FAE04EC0-301F-11D3-BF4B-00C04F79EFBC}") = "InterfazDeUsuario", "InterfazDeUsuario\InterfazDeUsuario.csproj", "{CD95C68F-BDB6-4A46-B74C-44DC548CA36E}"
EndProject
Project("{FAE04EC0-301F-11D3-BF4B-00C04F79EFBC}") = "Adicional", "Adicional\Adicional.csproj", "{BDA2493E-BDDC-41ED-A6FE-C51D62684373}"
EndProject
Global
	GlobalSection(SolutionConfigurationPlatforms) = preSolution
		Debug|Any CPU = Debug|Any CPU
		Release|Any CPU = Release|Any CPU
	EndGlobalSection
	GlobalSection(ProjectConfigurationPlatforms) = postSolution
		{88D1EF05-F761-40BE-ACEF-2109D416715B}.Debug|Any CPU.ActiveCfg = Debug|Any CPU
		{88D1EF05-F761-40BE-ACEF-2109D416715B}.Debug|Any CPU.Build.0 = Debug|Any CPU
		{88D1EF05-F761-40BE-ACEF-2109D416715B}.Release|Any CPU.ActiveCfg = Release|Any CPU
		{88D1EF05-F761-40BE-ACEF-2109D416715B}.Release|Any CPU.Build.0 = Release|Any CPU
		{09C3FAED-EF7B-493C-B9DF-25448C71739A}.Debug|Any CPU.ActiveCfg = Debug|Any CPU
		{09C3FAED-EF7B-493C-B9DF-25448C71739A}.Debug|Any CPU.Build.0 = Debug|Any CPU
		{09C3FAED-EF7B-493C-B9DF-25448C71739A}.Release|Any CPU.ActiveCfg = Release|Any CPU
		{09C3FAED-EF7B-493C-B9DF-25448C71739A}.Release|Any CPU.Build.0 = Release|Any CPU
		{37D99AE3-2EDE-4631-B64F-8B4BE3A425EE}.Debug|Any CPU.ActiveCfg = Debug|Any CPU
		{37D99AE3-2EDE-4631-B64F-8B4BE3A425EE}.Debug|Any CPU.Build.0 = Debug|Any CPU
		{37D99AE3-2EDE-4631-B64F-8B4BE3A425EE}.Release|Any CPU.ActiveCfg = Release|Any CPU
		{37D99AE3-2EDE-4631-B64F-8B4BE3A425EE}.Release|Any CPU.Build.0 = Release|Any CPU
		{CD95C68F-BDB6-4A46-B74C-44DC548CA36E}.Debug|Any CPU.ActiveCfg = Debug|Any CPU
		{CD95C68F-BDB6-4A46-B74C-44DC548CA36E}.Debug|Any CPU.Build.0 = Debug|Any CPU
		{CD95C68F-BDB6-4A46-B74C-44DC548CA36E}.Release|Any CPU.ActiveCfg = Release|Any CPU
		{CD95C68F-BDB6-4A46-B74C-44DC548CA36E}.Release|Any CPU.Build.0 = Release|Any CPU
		{BDA2493E-BDDC-41ED-A6FE-C51D62684373}.Debug|Any CPU.ActiveCfg = Debug|Any CPU
		{BDA2493E-BDDC-41ED-A6FE-C51D62684373}.Debug|Any CPU.Build.0 = Debug|Any CPU
		{BDA2493E-BDDC-41ED-A6FE-C51D62684373}.Release|Any CPU.ActiveCfg = Release|Any CPU
		{BDA2493E-BDDC-41ED-A6FE-C51D62684373}.Release|Any CPU.Build.0 = Release|Any CPU
	EndGlobalSection
	GlobalSection(SolutionProperties) = preSolution
		HideSolutionNode = FALSE
	EndGlobalSection
	GlobalSection(ExtensibilityGlobals) = postSolution
		SolutionGuid = {02554287-7787-4EF6-A63F-D9DD217AFA79}
	EndGlobalSection
EndGlobal
